// !$*UTF8*$!
{
	archiveVersion = 1;
	classes = {
	};
	objectVersion = 55;
	objects = {

/* Begin PBXBuildFile section */
		A6B945A927956BFA00FF3EAC /* AppDelegate.swift in Sources */ = {isa = PBXBuildFile; fileRef = A6B945A827956BFA00FF3EAC /* AppDelegate.swift */; };
		A6B945AB27956BFA00FF3EAC /* SceneDelegate.swift in Sources */ = {isa = PBXBuildFile; fileRef = A6B945AA27956BFA00FF3EAC /* SceneDelegate.swift */; };
		A6B945AD27956BFA00FF3EAC /* ViewController.swift in Sources */ = {isa = PBXBuildFile; fileRef = A6B945AC27956BFA00FF3EAC /* ViewController.swift */; };
		A6B945B027956BFA00FF3EAC /* Main.storyboard in Resources */ = {isa = PBXBuildFile; fileRef = A6B945AE27956BFA00FF3EAC /* Main.storyboard */; };
		A6B945B227956BFF00FF3EAC /* Assets.xcassets in Resources */ = {isa = PBXBuildFile; fileRef = A6B945B127956BFF00FF3EAC /* Assets.xcassets */; };
		A6B945B527956BFF00FF3EAC /* LaunchScreen.storyboard in Resources */ = {isa = PBXBuildFile; fileRef = A6B945B327956BFF00FF3EAC /* LaunchScreen.storyboard */; };
		A6B945C12795A82300FF3EAC /* URLFactory.swift in Sources */ = {isa = PBXBuildFile; fileRef = A6B945C02795A82200FF3EAC /* URLFactory.swift */; };
		A6B945C32795C93800FF3EAC /* NetworkManagerProtocol.swift in Sources */ = {isa = PBXBuildFile; fileRef = A6B945C22795C93700FF3EAC /* NetworkManagerProtocol.swift */; };
		A6B945C52795CA8200FF3EAC /* NetworkManager.swift in Sources */ = {isa = PBXBuildFile; fileRef = A6B945C42795CA8200FF3EAC /* NetworkManager.swift */; };
		A6B945C72796C98E00FF3EAC /* WeatherResponse.swift in Sources */ = {isa = PBXBuildFile; fileRef = A6B945C62796C98D00FF3EAC /* WeatherResponse.swift */; };
/* End PBXBuildFile section */

/* Begin PBXFileReference section */
		A6B945A527956BFA00FF3EAC /* weatherAppTest.app */ = {isa = PBXFileReference; explicitFileType = wrapper.application; includeInIndex = 0; path = weatherAppTest.app; sourceTree = BUILT_PRODUCTS_DIR; };
		A6B945A827956BFA00FF3EAC /* AppDelegate.swift */ = {isa = PBXFileReference; lastKnownFileType = sourcecode.swift; path = AppDelegate.swift; sourceTree = "<group>"; };
		A6B945AA27956BFA00FF3EAC /* SceneDelegate.swift */ = {isa = PBXFileReference; lastKnownFileType = sourcecode.swift; path = SceneDelegate.swift; sourceTree = "<group>"; };
		A6B945AC27956BFA00FF3EAC /* ViewController.swift */ = {isa = PBXFileReference; lastKnownFileType = sourcecode.swift; path = ViewController.swift; sourceTree = "<group>"; };
		A6B945AF27956BFA00FF3EAC /* Base */ = {isa = PBXFileReference; lastKnownFileType = file.storyboard; name = Base; path = Base.lproj/Main.storyboard; sourceTree = "<group>"; };
		A6B945B127956BFF00FF3EAC /* Assets.xcassets */ = {isa = PBXFileReference; lastKnownFileType = folder.assetcatalog; path = Assets.xcassets; sourceTree = "<group>"; };
		A6B945B427956BFF00FF3EAC /* Base */ = {isa = PBXFileReference; lastKnownFileType = file.storyboard; name = Base; path = Base.lproj/LaunchScreen.storyboard; sourceTree = "<group>"; };
		A6B945B627956BFF00FF3EAC /* Info.plist */ = {isa = PBXFileReference; lastKnownFileType = text.plist.xml; path = Info.plist; sourceTree = "<group>"; };
		A6B945C02795A82200FF3EAC /* URLFactory.swift */ = {isa = PBXFileReference; lastKnownFileType = sourcecode.swift; path = URLFactory.swift; sourceTree = "<group>"; };
		A6B945C22795C93700FF3EAC /* NetworkManagerProtocol.swift */ = {isa = PBXFileReference; lastKnownFileType = sourcecode.swift; path = NetworkManagerProtocol.swift; sourceTree = "<group>"; };
		A6B945C42795CA8200FF3EAC /* NetworkManager.swift */ = {isa = PBXFileReference; lastKnownFileType = sourcecode.swift; path = NetworkManager.swift; sourceTree = "<group>"; };
		A6B945C62796C98D00FF3EAC /* WeatherResponse.swift */ = {isa = PBXFileReference; lastKnownFileType = sourcecode.swift; path = WeatherResponse.swift; sourceTree = "<group>"; };
/* End PBXFileReference section */

/* Begin PBXFrameworksBuildPhase section */
		A6B945A227956BFA00FF3EAC /* Frameworks */ = {
			isa = PBXFrameworksBuildPhase;
			buildActionMask = 2147483647;
			files = (
			);
			runOnlyForDeploymentPostprocessing = 0;
		};
/* End PBXFrameworksBuildPhase section */

/* Begin PBXGroup section */
		A6B9459C27956BFA00FF3EAC = {
			isa = PBXGroup;
			children = (
				A6B945A727956BFA00FF3EAC /* weatherAppTest */,
				A6B945A627956BFA00FF3EAC /* Products */,
			);
			sourceTree = "<group>";
		};
		A6B945A627956BFA00FF3EAC /* Products */ = {
			isa = PBXGroup;
			children = (
				A6B945A527956BFA00FF3EAC /* weatherAppTest.app */,
			);
			name = Products;
			sourceTree = "<group>";
		};
		A6B945A727956BFA00FF3EAC /* weatherAppTest */ = {
			isa = PBXGroup;
			children = (
				A6B945A827956BFA00FF3EAC /* AppDelegate.swift */,
				A6B945AA27956BFA00FF3EAC /* SceneDelegate.swift */,
				A6B945BD27958A8C00FF3EAC /* Models */,
				A6B945BE27958A9800FF3EAC /* Views */,
				A6B945BF27958AA700FF3EAC /* ViewModels */,
				A6B945BC27958A8000FF3EAC /* Network */,
				A6B945B127956BFF00FF3EAC /* Assets.xcassets */,
				A6B945B327956BFF00FF3EAC /* LaunchScreen.storyboard */,
				A6B945B627956BFF00FF3EAC /* Info.plist */,
			);
			path = weatherAppTest;
			sourceTree = "<group>";
		};
		A6B945BC27958A8000FF3EAC /* Network */ = {
			isa = PBXGroup;
			children = (
				A6B945C02795A82200FF3EAC /* URLFactory.swift */,
				A6B945C22795C93700FF3EAC /* NetworkManagerProtocol.swift */,
				A6B945C42795CA8200FF3EAC /* NetworkManager.swift */,
			);
			path = Network;
			sourceTree = "<group>";
		};
		A6B945BD27958A8C00FF3EAC /* Models */ = {
			isa = PBXGroup;
			children = (
				A6B945C62796C98D00FF3EAC /* WeatherResponse.swift */,
			);
			path = Models;
			sourceTree = "<group>";
		};
		A6B945BE27958A9800FF3EAC /* Views */ = {
			isa = PBXGroup;
			children = (
				A6B945AC27956BFA00FF3EAC /* ViewController.swift */,
				A6B945AE27956BFA00FF3EAC /* Main.storyboard */,
			);
			path = Views;
			sourceTree = "<group>";
		};
		A6B945BF27958AA700FF3EAC /* ViewModels */ = {
			isa = PBXGroup;
			children = (
			);
			path = ViewModels;
			sourceTree = "<group>";
		};
/* End PBXGroup section */

/* Begin PBXNativeTarget section */
		A6B945A427956BFA00FF3EAC /* weatherAppTest */ = {
			isa = PBXNativeTarget;
			buildConfigurationList = A6B945B927956BFF00FF3EAC /* Build configuration list for PBXNativeTarget "weatherAppTest" */;
			buildPhases = (
				A6B945A127956BFA00FF3EAC /* Sources */,
				A6B945A227956BFA00FF3EAC /* Frameworks */,
				A6B945A327956BFA00FF3EAC /* Resources */,
			);
			buildRules = (
			);
			dependencies = (
			);
			name = weatherAppTest;
			productName = weatherAppTest;
			productReference = A6B945A527956BFA00FF3EAC /* weatherAppTest.app */;
			productType = "com.apple.product-type.application";
		};
/* End PBXNativeTarget section */

/* Begin PBXProject section */
		A6B9459D27956BFA00FF3EAC /* Project object */ = {
			isa = PBXProject;
			attributes = {
				BuildIndependentTargetsInParallel = 1;
				LastSwiftUpdateCheck = 1320;
				LastUpgradeCheck = 1320;
				TargetAttributes = {
					A6B945A427956BFA00FF3EAC = {
						CreatedOnToolsVersion = 13.2;
					};
				};
			};
			buildConfigurationList = A6B945A027956BFA00FF3EAC /* Build configuration list for PBXProject "weatherAppTest" */;
			compatibilityVersion = "Xcode 13.0";
			developmentRegion = en;
			hasScannedForEncodings = 0;
			knownRegions = (
				en,
				Base,
			);
			mainGroup = A6B9459C27956BFA00FF3EAC;
			productRefGroup = A6B945A627956BFA00FF3EAC /* Products */;
			projectDirPath = "";
			projectRoot = "";
			targets = (
				A6B945A427956BFA00FF3EAC /* weatherAppTest */,
			);
		};
/* End PBXProject section */

/* Begin PBXResourcesBuildPhase section */
		A6B945A327956BFA00FF3EAC /* Resources */ = {
			isa = PBXResourcesBuildPhase;
			buildActionMask = 2147483647;
			files = (
				A6B945B527956BFF00FF3EAC /* LaunchScreen.storyboard in Resources */,
				A6B945B227956BFF00FF3EAC /* Assets.xcassets in Resources */,
				A6B945B027956BFA00FF3EAC /* Main.storyboard in Resources */,
			);
			runOnlyForDeploymentPostprocessing = 0;
		};
/* End PBXResourcesBuildPhase section */

/* Begin PBXSourcesBuildPhase section */
		A6B945A127956BFA00FF3EAC /* Sources */ = {
			isa = PBXSourcesBuildPhase;
			buildActionMask = 2147483647;
			files = (
				A6B945C52795CA8200FF3EAC /* NetworkManager.swift in Sources */,
				A6B945AD27956BFA00FF3EAC /* ViewController.swift in Sources */,
				A6B945A927956BFA00FF3EAC /* AppDelegate.swift in Sources */,
				A6B945C72796C98E00FF3EAC /* WeatherResponse.swift in Sources */,
				A6B945C12795A82300FF3EAC /* URLFactory.swift in Sources */,
				A6B945C32795C93800FF3EAC /* NetworkManagerProtocol.swift in Sources */,
				A6B945AB27956BFA00FF3EAC /* SceneDelegate.swift in Sources */,
			);
			runOnlyForDeploymentPostprocessing = 0;
		};
/* End PBXSourcesBuildPhase section */

/* Begin PBXVariantGroup section */
		A6B945AE27956BFA00FF3EAC /* Main.storyboard */ = {
			isa = PBXVariantGroup;
			children = (
				A6B945AF27956BFA00FF3EAC /* Base */,
			);
			name = Main.storyboard;
			sourceTree = "<group>";
		};
		A6B945B327956BFF00FF3EAC /* LaunchScreen.storyboard */ = {
			isa = PBXVariantGroup;
			children = (
				A6B945B427956BFF00FF3EAC /* Base */,
			);
			name = LaunchScreen.storyboard;
			sourceTree = "<group>";
		};
/* End PBXVariantGroup section */

/* Begin XCBuildConfiguration section */
		A6B945B727956BFF00FF3EAC /* Debug */ = {
			isa = XCBuildConfiguration;
			buildSettings = {
				ALWAYS_SEARCH_USER_PATHS = NO;
				CLANG_ANALYZER_NONNULL = YES;
				CLANG_ANALYZER_NUMBER_OBJECT_CONVERSION = YES_AGGRESSIVE;
				CLANG_CXX_LANGUAGE_STANDARD = "gnu++17";
				CLANG_CXX_LIBRARY = "libc++";
				CLANG_ENABLE_MODULES = YES;
				CLANG_ENABLE_OBJC_ARC = YES;
				CLANG_ENABLE_OBJC_WEAK = YES;
				CLANG_WARN_BLOCK_CAPTURE_AUTORELEASING = YES;
				CLANG_WARN_BOOL_CONVERSION = YES;
				CLANG_WARN_COMMA = YES;
				CLANG_WARN_CONSTANT_CONVERSION = YES;
				CLANG_WARN_DEPRECATED_OBJC_IMPLEMENTATIONS = YES;
				CLANG_WARN_DIRECT_OBJC_ISA_USAGE = YES_ERROR;
				CLANG_WARN_DOCUMENTATION_COMMENTS = YES;
				CLANG_WARN_EMPTY_BODY = YES;
				CLANG_WARN_ENUM_CONVERSION = YES;
				CLANG_WARN_INFINITE_RECURSION = YES;
				CLANG_WARN_INT_CONVERSION = YES;
				CLANG_WARN_NON_LITERAL_NULL_CONVERSION = YES;
				CLANG_WARN_OBJC_IMPLICIT_RETAIN_SELF = YES;
				CLANG_WARN_OBJC_LITERAL_CONVERSION = YES;
				CLANG_WARN_OBJC_ROOT_CLASS = YES_ERROR;
				CLANG_WARN_QUOTED_INCLUDE_IN_FRAMEWORK_HEADER = YES;
				CLANG_WARN_RANGE_LOOP_ANALYSIS = YES;
				CLANG_WARN_STRICT_PROTOTYPES = YES;
				CLANG_WARN_SUSPICIOUS_MOVE = YES;
				CLANG_WARN_UNGUARDED_AVAILABILITY = YES_AGGRESSIVE;
				CLANG_WARN_UNREACHABLE_CODE = YES;
				CLANG_WARN__DUPLICATE_METHOD_MATCH = YES;
				COPY_PHASE_STRIP = NO;
				DEBUG_INFORMATION_FORMAT = dwarf;
				ENABLE_STRICT_OBJC_MSGSEND = YES;
				ENABLE_TESTABILITY = YES;
				GCC_C_LANGUAGE_STANDARD = gnu11;
				GCC_DYNAMIC_NO_PIC = NO;
				GCC_NO_COMMON_BLOCKS = YES;
				GCC_OPTIMIZATION_LEVEL = 0;
				GCC_PREPROCESSOR_DEFINITIONS = (
					"DEBUG=1",
					"$(inherited)",
				);
				GCC_WARN_64_TO_32_BIT_CONVERSION = YES;
				GCC_WARN_ABOUT_RETURN_TYPE = YES_ERROR;
				GCC_WARN_UNDECLARED_SELECTOR = YES;
				GCC_WARN_UNINITIALIZED_AUTOS = YES_AGGRESSIVE;
				GCC_WARN_UNUSED_FUNCTION = YES;
				GCC_WARN_UNUSED_VARIABLE = YES;
				IPHONEOS_DEPLOYMENT_TARGET = 15.2;
				MTL_ENABLE_DEBUG_INFO = INCLUDE_SOURCE;
				MTL_FAST_MATH = YES;
				ONLY_ACTIVE_ARCH = YES;
				SDKROOT = iphoneos;
				SWIFT_ACTIVE_COMPILATION_CONDITIONS = DEBUG;
				SWIFT_OPTIMIZATION_LEVEL = "-Onone";
			};
			name = Debug;
		};
		A6B945B827956BFF00FF3EAC /* Release */ = {
			isa = XCBuildConfiguration;
			buildSettings = {
				ALWAYS_SEARCH_USER_PATHS = NO;
				CLANG_ANALYZER_NONNULL = YES;
				CLANG_ANALYZER_NUMBER_OBJECT_CONVERSION = YES_AGGRESSIVE;
				CLANG_CXX_LANGUAGE_STANDARD = "gnu++17";
				CLANG_CXX_LIBRARY = "libc++";
				CLANG_ENABLE_MODULES = YES;
				CLANG_ENABLE_OBJC_ARC = YES;
				CLANG_ENABLE_OBJC_WEAK = YES;
				CLANG_WARN_BLOCK_CAPTURE_AUTORELEASING = YES;
				CLANG_WARN_BOOL_CONVERSION = YES;
				CLANG_WARN_COMMA = YES;
				CLANG_WARN_CONSTANT_CONVERSION = YES;
				CLANG_WARN_DEPRECATED_OBJC_IMPLEMENTATIONS = YES;
				CLANG_WARN_DIRECT_OBJC_ISA_USAGE = YES_ERROR;
				CLANG_WARN_DOCUMENTATION_COMMENTS = YES;
				CLANG_WARN_EMPTY_BODY = YES;
				CLANG_WARN_ENUM_CONVERSION = YES;
				CLANG_WARN_INFINITE_RECURSION = YES;
				CLANG_WARN_INT_CONVERSION = YES;
				CLANG_WARN_NON_LITERAL_NULL_CONVERSION = YES;
				CLANG_WARN_OBJC_IMPLICIT_RETAIN_SELF = YES;
				CLANG_WARN_OBJC_LITERAL_CONVERSION = YES;
				CLANG_WARN_OBJC_ROOT_CLASS = YES_ERROR;
				CLANG_WARN_QUOTED_INCLUDE_IN_FRAMEWORK_HEADER = YES;
				CLANG_WARN_RANGE_LOOP_ANALYSIS = YES;
				CLANG_WARN_STRICT_PROTOTYPES = YES;
				CLANG_WARN_SUSPICIOUS_MOVE = YES;
				CLANG_WARN_UNGUARDED_AVAILABILITY = YES_AGGRESSIVE;
				CLANG_WARN_UNREACHABLE_CODE = YES;
				CLANG_WARN__DUPLICATE_METHOD_MATCH = YES;
				COPY_PHASE_STRIP = NO;
				DEBUG_INFORMATION_FORMAT = "dwarf-with-dsym";
				ENABLE_NS_ASSERTIONS = NO;
				ENABLE_STRICT_OBJC_MSGSEND = YES;
				GCC_C_LANGUAGE_STANDARD = gnu11;
				GCC_NO_COMMON_BLOCKS = YES;
				GCC_WARN_64_TO_32_BIT_CONVERSION = YES;
				GCC_WARN_ABOUT_RETURN_TYPE = YES_ERROR;
				GCC_WARN_UNDECLARED_SELECTOR = YES;
				GCC_WARN_UNINITIALIZED_AUTOS = YES_AGGRESSIVE;
				GCC_WARN_UNUSED_FUNCTION = YES;
				GCC_WARN_UNUSED_VARIABLE = YES;
				IPHONEOS_DEPLOYMENT_TARGET = 15.2;
				MTL_ENABLE_DEBUG_INFO = NO;
				MTL_FAST_MATH = YES;
				SDKROOT = iphoneos;
				SWIFT_COMPILATION_MODE = wholemodule;
				SWIFT_OPTIMIZATION_LEVEL = "-O";
				VALIDATE_PRODUCT = YES;
			};
			name = Release;
		};
		A6B945BA27956BFF00FF3EAC /* Debug */ = {
			isa = XCBuildConfiguration;
			buildSettings = {
				ASSETCATALOG_COMPILER_APPICON_NAME = AppIcon;
				ASSETCATALOG_COMPILER_GLOBAL_ACCENT_COLOR_NAME = AccentColor;
				CODE_SIGN_STYLE = Automatic;
				CURRENT_PROJECT_VERSION = 1;
				DEVELOPMENT_TEAM = 9Y94J8V38R;
				GENERATE_INFOPLIST_FILE = YES;
				INFOPLIST_FILE = weatherAppTest/Info.plist;
				INFOPLIST_KEY_UIApplicationSupportsIndirectInputEvents = YES;
				INFOPLIST_KEY_UILaunchStoryboardName = LaunchScreen;
				INFOPLIST_KEY_UIMainStoryboardFile = Main;
				INFOPLIST_KEY_UISupportedInterfaceOrientations_iPad = "UIInterfaceOrientationPortrait UIInterfaceOrientationPortraitUpsideDown UIInterfaceOrientationLandscapeLeft UIInterfaceOrientationLandscapeRight";
				INFOPLIST_KEY_UISupportedInterfaceOrientations_iPhone = "UIInterfaceOrientationPortrait UIInterfaceOrientationLandscapeLeft UIInterfaceOrientationLandscapeRight";
				LD_RUNPATH_SEARCH_PATHS = (
					"$(inherited)",
					"@executable_path/Frameworks",
				);
				MARKETING_VERSION = 1.0;
				PRODUCT_BUNDLE_IDENTIFIER = vorobey.Aleksandr.weatherAppTest;
				PRODUCT_NAME = "$(TARGET_NAME)";
				SWIFT_EMIT_LOC_STRINGS = YES;
				SWIFT_VERSION = 5.0;
				TARGETED_DEVICE_FAMILY = "1,2";
			};
			name = Debug;
		};
		A6B945BB27956BFF00FF3EAC /* Release */ = {
			isa = XCBuildConfiguration;
			buildSettings = {
				ASSETCATALOG_COMPILER_APPICON_NAME = AppIcon;
				ASSETCATALOG_COMPILER_GLOBAL_ACCENT_COLOR_NAME = AccentColor;
				CODE_SIGN_STYLE = Automatic;
				CURRENT_PROJECT_VERSION = 1;
				DEVELOPMENT_TEAM = 9Y94J8V38R;
				GENERATE_INFOPLIST_FILE = YES;
				INFOPLIST_FILE = weatherAppTest/Info.plist;
				INFOPLIST_KEY_UIApplicationSupportsIndirectInputEvents = YES;
				INFOPLIST_KEY_UILaunchStoryboardName = LaunchScreen;
				INFOPLIST_KEY_UIMainStoryboardFile = Main;
				INFOPLIST_KEY_UISupportedInterfaceOrientations_iPad = "UIInterfaceOrientationPortrait UIInterfaceOrientationPortraitUpsideDown UIInterfaceOrientationLandscapeLeft UIInterfaceOrientationLandscapeRight";
				INFOPLIST_KEY_UISupportedInterfaceOrientations_iPhone = "UIInterfaceOrientationPortrait UIInterfaceOrientationLandscapeLeft UIInterfaceOrientationLandscapeRight";
				LD_RUNPATH_SEARCH_PATHS = (
					"$(inherited)",
					"@executable_path/Frameworks",
				);
				MARKETING_VERSION = 1.0;
				PRODUCT_BUNDLE_IDENTIFIER = vorobey.Aleksandr.weatherAppTest;
				PRODUCT_NAME = "$(TARGET_NAME)";
				SWIFT_EMIT_LOC_STRINGS = YES;
				SWIFT_VERSION = 5.0;
				TARGETED_DEVICE_FAMILY = "1,2";
			};
			name = Release;
		};
/* End XCBuildConfiguration section */

/* Begin XCConfigurationList section */
		A6B945A027956BFA00FF3EAC /* Build configuration list for PBXProject "weatherAppTest" */ = {
			isa = XCConfigurationList;
			buildConfigurations = (
				A6B945B727956BFF00FF3EAC /* Debug */,
				A6B945B827956BFF00FF3EAC /* Release */,
			);
			defaultConfigurationIsVisible = 0;
			defaultConfigurationName = Release;
		};
		A6B945B927956BFF00FF3EAC /* Build configuration list for PBXNativeTarget "weatherAppTest" */ = {
			isa = XCConfigurationList;
			buildConfigurations = (
				A6B945BA27956BFF00FF3EAC /* Debug */,
				A6B945BB27956BFF00FF3EAC /* Release */,
			);
			defaultConfigurationIsVisible = 0;
			defaultConfigurationName = Release;
		};
/* End XCConfigurationList section */
	};
	rootObject = A6B9459D27956BFA00FF3EAC /* Project object */;
}
